Microsoft Visual Studio Solution File, Format Version 11.00
# Visual Studio 2008

Project("{96BFC36A-9BD9-F160-C1A9-E54F5D8637B2}") = "Immersive-Interaction", "Assembly-CSharp.csproj", "{A73F2359-3D4B-9660-894B-F1E547D26398}"
EndProject
Project("{96BFC36A-9BD9-F160-C1A9-E54F5D8637B2}") = "Immersive-Interaction", "Assembly-CSharp-Editor.csproj", "{52770E51-211F-A1FE-65C3-E91FCA070D6C}"
EndProject
Project("{96BFC36A-9BD9-F160-C1A9-E54F5D8637B2}") = "Immersive-Interaction", "Assembly-UnityScript.unityproj", "{5D894B06-BDE8-AC7C-1A46-1105194537DA}"
EndProject
Global
	GlobalSection(SolutionConfigurationPlatforms) = preSolution
		Debug|Any CPU = Debug|Any CPU
		Release|Any CPU = Release|Any CPU
	EndGlobalSection
	GlobalSection(ProjectConfigurationPlatforms) = postSolution
		{A73F2359-3D4B-9660-894B-F1E547D26398}.Debug|Any CPU.ActiveCfg = Debug|Any CPU
		{A73F2359-3D4B-9660-894B-F1E547D26398}.Debug|Any CPU.Build.0 = Debug|Any CPU
		{A73F2359-3D4B-9660-894B-F1E547D26398}.Release|Any CPU.ActiveCfg = Release|Any CPU
		{A73F2359-3D4B-9660-894B-F1E547D26398}.Release|Any CPU.Build.0 = Release|Any CPU
		{52770E51-211F-A1FE-65C3-E91FCA070D6C}.Debug|Any CPU.ActiveCfg = Debug|Any CPU
		{52770E51-211F-A1FE-65C3-E91FCA070D6C}.Debug|Any CPU.Build.0 = Debug|Any CPU
		{52770E51-211F-A1FE-65C3-E91FCA070D6C}.Release|Any CPU.ActiveCfg = Release|Any CPU
		{52770E51-211F-A1FE-65C3-E91FCA070D6C}.Release|Any CPU.Build.0 = Release|Any CPU
		{5D894B06-BDE8-AC7C-1A46-1105194537DA}.Debug|Any CPU.ActiveCfg = Debug|Any CPU
		{5D894B06-BDE8-AC7C-1A46-1105194537DA}.Debug|Any CPU.Build.0 = Debug|Any CPU
		{5D894B06-BDE8-AC7C-1A46-1105194537DA}.Release|Any CPU.ActiveCfg = Release|Any CPU
		{5D894B06-BDE8-AC7C-1A46-1105194537DA}.Release|Any CPU.Build.0 = Release|Any CPU
	EndGlobalSection
	GlobalSection(SolutionProperties) = preSolution
		HideSolutionNode = FALSE
	EndGlobalSection
								GlobalSection(MonoDevelopProperties) = preSolution
		StartupItem = Assembly-CSharp.csproj
		Policies = $0
		$0.TextStylePolicy = $1
		$1.inheritsSet = null
		$1.scope = text/x-csharp
		$0.CSharpFormattingPolicy = $2
		$2.inheritsSet = Mono
		$2.inheritsScope = text/x-csharp
		$2.scope = text/x-csharp
		$0.TextStylePolicy = $3
		$3.FileWidth = 120
		$3.TabWidth = 4
		$3.IndentWidth = 4
		$3.EolMarker = Unix
		$3.inheritsSet = Mono
		$3.inheritsScope = text/plain
		$3.scope = text/plain
	EndGlobalSection
EndGlobal
